# THIS IS AN AUTOGENERATED FILE. DO NOT EDIT THIS FILE DIRECTLY.
# yarn lockfile v1


bootstrap@4.3.1:
  version "4.3.1"
  resolved "https://registry.yarnpkg.com/bootstrap/-/bootstrap-4.3.1.tgz#280ca8f610504d99d7b6b4bfc4b68cec601704ac"
  integrity sha512-rXqOmH1VilAt2DyPzluTi2blhk17bO7ef+zLLPlWvG494pDxcM234pJ8wTc/6R40UWizAIIMgxjvxZg5kmsbag==

flat-icons@^1.0.0:
  version "1.0.0"
  resolved "https://registry.yarnpkg.com/flat-icons/-/flat-icons-1.0.0.tgz#9034c0b499e0efd907d341db11df806e5d00670f"
  integrity sha1-kDTAtJng79kH00HbEd+Abl0AZw8=

font-awesome@^4.7.0:
  version "4.7.0"
  resolved "https://registry.yarnpkg.com/font-awesome/-/font-awesome-4.7.0.tgz#8fa8cf0411a1a31afd07b06d2902bb9fc815a133"
  integrity sha1-j6jPBBGhoxr9B7BtKQK7n8gVoTM=

jQuery@^1.7.4:
  version "1.7.4"
  resolved "https://registry.yarnpkg.com/jQuery/-/jQuery-1.7.4.tgz#f32dc5c85a7044ee864b4443b9ee45f9478ba137"
  integrity sha1-8y3FyFpwRO6GS0RDue5F+UeLoTc=

jquery-nice-select@^1.1.0:
  version "1.1.0"
  resolved "https://registry.yarnpkg.com/jquery-nice-select/-/jquery-nice-select-1.1.0.tgz#9cd590fead56afe6bccd41294293fba356189c7d"
  integrity sha1-nNWQ/q1Wr+a8zUEpQpP7o1YYnH0=
  dependencies:
    jquery "^2.2.3"

jquery@>=1.8.3:
  version "3.5.0"
  resolved "https://registry.yarnpkg.com/jquery/-/jquery-3.5.0.tgz#9980b97d9e4194611c36530e7dc46a58d7340fc9"
  integrity sha512-Xb7SVYMvygPxbFMpTFQiHh1J7HClEaThguL15N/Gg37Lri/qKyhRGZYzHRyLH8Stq3Aow0LsHO2O2ci86fCrNQ==

jquery@^2.2.3:
  version "2.2.4"
  resolved "https://registry.yarnpkg.com/jquery/-/jquery-2.2.4.tgz#2c89d6889b5eac522a7eea32c14521559c6cbf02"
  integrity sha1-LInWiJterFIqfuoywUUhVZxsvwI=

owl.carousel@2.3.4:
  version "2.3.4"
  resolved "https://registry.yarnpkg.com/owl.carousel/-/owl.carousel-2.3.4.tgz#6c53dc8d24304b790e4f27a1dc4a655e973ccdc9"
  integrity sha512-JaDss9+feAvEW8KZppPSpllfposEzQiW+Ytt/Xm5t/3CTJ7YVmkh6RkWixoA2yXk2boIwedYxOvrrppIGzru9A==
  dependencies:
    jquery ">=1.8.3"

themify-icons@^1.0.0:
  version "1.0.0"
  resolved "https://registry.yarnpkg.com/themify-icons/-/themify-icons-1.0.0.tgz#216f330ed1b9c3fdc8e675655e189a0b7ecb1c5c"
  integrity sha1-IW8zDtG5w/3I5nVlXhiaC37LHFw=
